
Microsoft Visual Studio Solution File, Format Version 12.00
# Visual Studio Version 16
VisualStudioVersion = 16.0.30907.101
MinimumVisualStudioVersion = 10.0.40219.1
Project("{FAE04EC0-301F-11D3-BF4B-00C04F79EFBC}") = "EqualTotalPaymentsAPP", "EqualTotalPaymentsAPP\EqualTotalPaymentsAPP.csproj", "{90CAF9F7-9440-498C-BB8A-3C0EF93F8CCE}"
EndProject
Global
	GlobalSection(SolutionConfigurationPlatforms) = preSolution
		Debug|Any CPU = Debug|Any CPU
		Release|Any CPU = Release|Any CPU
	EndGlobalSection
	GlobalSection(ProjectConfigurationPlatforms) = postSolution
		{90CAF9F7-9440-498C-BB8A-3C0EF93F8CCE}.Debug|Any CPU.ActiveCfg = Debug|Any CPU
		{90CAF9F7-9440-498C-BB8A-3C0EF93F8CCE}.Debug|Any CPU.Build.0 = Debug|Any CPU
		{90CAF9F7-9440-498C-BB8A-3C0EF93F8CCE}.Release|Any CPU.ActiveCfg = Release|Any CPU
		{90CAF9F7-9440-498C-BB8A-3C0EF93F8CCE}.Release|Any CPU.Build.0 = Release|Any CPU
	EndGlobalSection
	GlobalSection(SolutionProperties) = preSolution
		HideSolutionNode = FALSE
	EndGlobalSection
	GlobalSection(ExtensibilityGlobals) = postSolution
		SolutionGuid = {83A8D9F8-06CB-41F8-9449-39F732B85CC2}
	EndGlobalSection
EndGlobal
